
Microsoft Visual Studio Solution File, Format Version 12.00
# Visual Studio Version 17
VisualStudioVersion = 17.2.32526.322
MinimumVisualStudioVersion = 10.0.40219.1
Project("{2150E333-8FDC-42A3-9474-1A3956D46DE8}") = "src", "src", "{D4D66458-D0DE-4C85-87F7-9677253D8DFA}"
EndProject
Project("{2150E333-8FDC-42A3-9474-1A3956D46DE8}") = "Services", "Services", "{A5C0B0C6-FD13-414F-BC5B-AE721661618A}"
EndProject
Project("{2150E333-8FDC-42A3-9474-1A3956D46DE8}") = "Product", "Product", "{025659BA-E3B7-4A74-A4FA-68A8B06B6364}"
EndProject
Project("{2150E333-8FDC-42A3-9474-1A3956D46DE8}") = "Ordering", "Ordering", "{470F9F66-67E3-4B08-B2DE-4C898707C369}"
EndProject
Project("{2150E333-8FDC-42A3-9474-1A3956D46DE8}") = "Basket", "Basket", "{5CA9A1D5-DE74-4A15-9734-55D7EC2BBAD1}"
EndProject
Project("{9A19103F-16F7-4668-BE54-9A1E7A4F7556}") = "Ordering.API", "Ordering\Ordering.API\Ordering.API.csproj", "{54983580-3732-48DD-B0FC-CC94FA7BD8CE}"
EndProject
Project("{9A19103F-16F7-4668-BE54-9A1E7A4F7556}") = "Product.API", "Product\Product.API\Product.API.csproj", "{C8CDE3FA-859A-4BBB-87CF-B3C65F14724B}"
EndProject
Project("{9A19103F-16F7-4668-BE54-9A1E7A4F7556}") = "Basket.API", "Basket\Basket.API\Basket.API.csproj", "{4E48D3F2-18DD-44AC-8E74-39B77EDC134C}"
EndProject
Project("{2150E333-8FDC-42A3-9474-1A3956D46DE8}") = "Shared", "Shared", "{E2D5C4BA-81CD-41EA-A44E-4D0D285D44D4}"
EndProject
Project("{9A19103F-16F7-4668-BE54-9A1E7A4F7556}") = "Common", "Shared\Common\Common.csproj", "{E1E54105-37F0-44C9-8CCF-3DF02FC9B18C}"
EndProject
Project("{FAE04EC0-301F-11D3-BF4B-00C04F79EFBC}") = "Product.Persistent", "Product\Product.Persistent\Product.Persistent.csproj", "{8E19CD9D-20D0-4466-AC6C-8AB3BE15D265}"
EndProject
Global
	GlobalSection(SolutionConfigurationPlatforms) = preSolution
		Debug|Any CPU = Debug|Any CPU
		Release|Any CPU = Release|Any CPU
	EndGlobalSection
	GlobalSection(ProjectConfigurationPlatforms) = postSolution
		{54983580-3732-48DD-B0FC-CC94FA7BD8CE}.Debug|Any CPU.ActiveCfg = Debug|Any CPU
		{54983580-3732-48DD-B0FC-CC94FA7BD8CE}.Debug|Any CPU.Build.0 = Debug|Any CPU
		{54983580-3732-48DD-B0FC-CC94FA7BD8CE}.Release|Any CPU.ActiveCfg = Release|Any CPU
		{54983580-3732-48DD-B0FC-CC94FA7BD8CE}.Release|Any CPU.Build.0 = Release|Any CPU
		{C8CDE3FA-859A-4BBB-87CF-B3C65F14724B}.Debug|Any CPU.ActiveCfg = Debug|Any CPU
		{C8CDE3FA-859A-4BBB-87CF-B3C65F14724B}.Debug|Any CPU.Build.0 = Debug|Any CPU
		{C8CDE3FA-859A-4BBB-87CF-B3C65F14724B}.Release|Any CPU.ActiveCfg = Release|Any CPU
		{C8CDE3FA-859A-4BBB-87CF-B3C65F14724B}.Release|Any CPU.Build.0 = Release|Any CPU
		{4E48D3F2-18DD-44AC-8E74-39B77EDC134C}.Debug|Any CPU.ActiveCfg = Debug|Any CPU
		{4E48D3F2-18DD-44AC-8E74-39B77EDC134C}.Debug|Any CPU.Build.0 = Debug|Any CPU
		{4E48D3F2-18DD-44AC-8E74-39B77EDC134C}.Release|Any CPU.ActiveCfg = Release|Any CPU
		{4E48D3F2-18DD-44AC-8E74-39B77EDC134C}.Release|Any CPU.Build.0 = Release|Any CPU
		{E1E54105-37F0-44C9-8CCF-3DF02FC9B18C}.Debug|Any CPU.ActiveCfg = Debug|Any CPU
		{E1E54105-37F0-44C9-8CCF-3DF02FC9B18C}.Debug|Any CPU.Build.0 = Debug|Any CPU
		{E1E54105-37F0-44C9-8CCF-3DF02FC9B18C}.Release|Any CPU.ActiveCfg = Release|Any CPU
		{E1E54105-37F0-44C9-8CCF-3DF02FC9B18C}.Release|Any CPU.Build.0 = Release|Any CPU
		{8E19CD9D-20D0-4466-AC6C-8AB3BE15D265}.Debug|Any CPU.ActiveCfg = Debug|Any CPU
		{8E19CD9D-20D0-4466-AC6C-8AB3BE15D265}.Debug|Any CPU.Build.0 = Debug|Any CPU
		{8E19CD9D-20D0-4466-AC6C-8AB3BE15D265}.Release|Any CPU.ActiveCfg = Release|Any CPU
		{8E19CD9D-20D0-4466-AC6C-8AB3BE15D265}.Release|Any CPU.Build.0 = Release|Any CPU
	EndGlobalSection
	GlobalSection(SolutionProperties) = preSolution
		HideSolutionNode = FALSE
	EndGlobalSection
	GlobalSection(NestedProjects) = preSolution
		{A5C0B0C6-FD13-414F-BC5B-AE721661618A} = {D4D66458-D0DE-4C85-87F7-9677253D8DFA}
		{025659BA-E3B7-4A74-A4FA-68A8B06B6364} = {A5C0B0C6-FD13-414F-BC5B-AE721661618A}
		{470F9F66-67E3-4B08-B2DE-4C898707C369} = {A5C0B0C6-FD13-414F-BC5B-AE721661618A}
		{5CA9A1D5-DE74-4A15-9734-55D7EC2BBAD1} = {A5C0B0C6-FD13-414F-BC5B-AE721661618A}
		{54983580-3732-48DD-B0FC-CC94FA7BD8CE} = {470F9F66-67E3-4B08-B2DE-4C898707C369}
		{C8CDE3FA-859A-4BBB-87CF-B3C65F14724B} = {025659BA-E3B7-4A74-A4FA-68A8B06B6364}
		{4E48D3F2-18DD-44AC-8E74-39B77EDC134C} = {5CA9A1D5-DE74-4A15-9734-55D7EC2BBAD1}
		{E2D5C4BA-81CD-41EA-A44E-4D0D285D44D4} = {D4D66458-D0DE-4C85-87F7-9677253D8DFA}
		{E1E54105-37F0-44C9-8CCF-3DF02FC9B18C} = {E2D5C4BA-81CD-41EA-A44E-4D0D285D44D4}
		{8E19CD9D-20D0-4466-AC6C-8AB3BE15D265} = {025659BA-E3B7-4A74-A4FA-68A8B06B6364}
	EndGlobalSection
	GlobalSection(ExtensibilityGlobals) = postSolution
		SolutionGuid = {CBB092A0-EFF9-4CA2-8DE0-834656AA4069}
	EndGlobalSection
EndGlobal
